
Microsoft Visual Studio Solution File, Format Version 12.00
# Visual Studio Express 2013 for Windows Desktop
VisualStudioVersion = 12.0.21005.1
MinimumVisualStudioVersion = 10.0.40219.1
Project("{FAE04EC0-301F-11D3-BF4B-00C04F79EFBC}") = "Chapter.1.Intro", "IntroToCSharp\Chapter.1.Intro.csproj", "{811975C7-497D-45E5-AC73-92FE2DBDAE8D}"
EndProject
Project("{FAE04EC0-301F-11D3-BF4B-00C04F79EFBC}") = "Chapter.2.Variables", "Chapter.2\Chapter.2.Variables.csproj", "{5E0D305A-13CC-4C0F-BC13-8EE3E05902FC}"
EndProject
Project("{FAE04EC0-301F-11D3-BF4B-00C04F79EFBC}") = "Chapter3.OperatorsAndExprs", "Chapter3.OperatorsAndExprs\Chapter3.OperatorsAndExprs.csproj", "{D7CC7B3F-0BF2-46FC-AEB0-E7323852DA12}"
EndProject
Global
	GlobalSection(SolutionConfigurationPlatforms) = preSolution
		Debug|Any CPU = Debug|Any CPU
		Release|Any CPU = Release|Any CPU
	EndGlobalSection
	GlobalSection(ProjectConfigurationPlatforms) = postSolution
		{811975C7-497D-45E5-AC73-92FE2DBDAE8D}.Debug|Any CPU.ActiveCfg = Debug|Any CPU
		{811975C7-497D-45E5-AC73-92FE2DBDAE8D}.Debug|Any CPU.Build.0 = Debug|Any CPU
		{811975C7-497D-45E5-AC73-92FE2DBDAE8D}.Release|Any CPU.ActiveCfg = Release|Any CPU
		{811975C7-497D-45E5-AC73-92FE2DBDAE8D}.Release|Any CPU.Build.0 = Release|Any CPU
		{5E0D305A-13CC-4C0F-BC13-8EE3E05902FC}.Debug|Any CPU.ActiveCfg = Debug|Any CPU
		{5E0D305A-13CC-4C0F-BC13-8EE3E05902FC}.Debug|Any CPU.Build.0 = Debug|Any CPU
		{5E0D305A-13CC-4C0F-BC13-8EE3E05902FC}.Release|Any CPU.ActiveCfg = Release|Any CPU
		{5E0D305A-13CC-4C0F-BC13-8EE3E05902FC}.Release|Any CPU.Build.0 = Release|Any CPU
		{D7CC7B3F-0BF2-46FC-AEB0-E7323852DA12}.Debug|Any CPU.ActiveCfg = Debug|Any CPU
		{D7CC7B3F-0BF2-46FC-AEB0-E7323852DA12}.Debug|Any CPU.Build.0 = Debug|Any CPU
		{D7CC7B3F-0BF2-46FC-AEB0-E7323852DA12}.Release|Any CPU.ActiveCfg = Release|Any CPU
		{D7CC7B3F-0BF2-46FC-AEB0-E7323852DA12}.Release|Any CPU.Build.0 = Release|Any CPU
	EndGlobalSection
	GlobalSection(SolutionProperties) = preSolution
		HideSolutionNode = FALSE
	EndGlobalSection
EndGlobal
