
Microsoft Visual Studio Solution File, Format Version 12.00
# Visual Studio Express 2013 for Windows Desktop
VisualStudioVersion = 12.0.30723.0
MinimumVisualStudioVersion = 10.0.40219.1
Project("{FAE04EC0-301F-11D3-BF4B-00C04F79EFBC}") = "StringBuilderExtensions", "StringBuilderExtensions\StringBuilderExtensions.csproj", "{D3E09645-AD16-470D-8A1D-B6CDDD51372A}"
EndProject
Project("{FAE04EC0-301F-11D3-BF4B-00C04F79EFBC}") = "CustomLINQExtensionMethods", "..\CustomLINQExtensionMethods\CustomLINQExtensionMethods.csproj", "{152465D0-096A-447E-AC12-60651468076F}"
EndProject
Project("{FAE04EC0-301F-11D3-BF4B-00C04F79EFBC}") = "ClassStudent", "..\ClassStudent\ClassStudent.csproj", "{92A924CA-A717-453A-9409-48C69B8545A4}"
EndProject
Global
	GlobalSection(SolutionConfigurationPlatforms) = preSolution
		Debug|Any CPU = Debug|Any CPU
		Release|Any CPU = Release|Any CPU
	EndGlobalSection
	GlobalSection(ProjectConfigurationPlatforms) = postSolution
		{D3E09645-AD16-470D-8A1D-B6CDDD51372A}.Debug|Any CPU.ActiveCfg = Debug|Any CPU
		{D3E09645-AD16-470D-8A1D-B6CDDD51372A}.Debug|Any CPU.Build.0 = Debug|Any CPU
		{D3E09645-AD16-470D-8A1D-B6CDDD51372A}.Release|Any CPU.ActiveCfg = Release|Any CPU
		{D3E09645-AD16-470D-8A1D-B6CDDD51372A}.Release|Any CPU.Build.0 = Release|Any CPU
		{152465D0-096A-447E-AC12-60651468076F}.Debug|Any CPU.ActiveCfg = Debug|Any CPU
		{152465D0-096A-447E-AC12-60651468076F}.Debug|Any CPU.Build.0 = Debug|Any CPU
		{152465D0-096A-447E-AC12-60651468076F}.Release|Any CPU.ActiveCfg = Release|Any CPU
		{152465D0-096A-447E-AC12-60651468076F}.Release|Any CPU.Build.0 = Release|Any CPU
		{92A924CA-A717-453A-9409-48C69B8545A4}.Debug|Any CPU.ActiveCfg = Debug|Any CPU
		{92A924CA-A717-453A-9409-48C69B8545A4}.Debug|Any CPU.Build.0 = Debug|Any CPU
		{92A924CA-A717-453A-9409-48C69B8545A4}.Release|Any CPU.ActiveCfg = Release|Any CPU
		{92A924CA-A717-453A-9409-48C69B8545A4}.Release|Any CPU.Build.0 = Release|Any CPU
	EndGlobalSection
	GlobalSection(SolutionProperties) = preSolution
		HideSolutionNode = FALSE
	EndGlobalSection
EndGlobal
